{
  "name": "logger",
  "version": "1.0.0",
  "lockfileVersion": 1,
  "requires": true,
  "dependencies": {
    "@types/node": {
      "version": "8.0.58",
      "resolved": "http://localhost:4873/@types%2fnode/-/node-8.0.58.tgz",
      "integrity": "sha512-V746iUU7eHNdzQipoACuguDlVhC7IHK8CES1jSkuFt352wwA84BCWPXaGekBd7R5XdNK5ReHONDVKxlL9IreAw==",
      "dev": true
    },
    "tslib": {
      "version": "1.8.1",
      "resolved": "http://localhost:4873/tslib/-/tslib-1.8.1.tgz",
      "integrity": "sha1-aUavLR1lGnsYY7Ux1uWvpBqkTqw=",
      "dev": true
    },
    "typescript": {
      "version": "2.7.0-dev.20171209",
      "resolved": "http://localhost:4873/typescript/-/typescript-2.7.0-dev.20171209.tgz",
      "integrity": "sha512-4ETBmIehQBmJOVwb/awg+EHMjpq3esymYD+tKRvxHv3cW+1s9+t8kdozn3/Fk50vAH13YtOHxuOcvU7OXrdG5Q==",
      "dev": true
    }
  }
}
